
Microsoft Visual Studio Solution File, Format Version 12.00
Project("{FAE04EC0-301F-11D3-BF4B-00C04F79EFBC}") = "Contact-CRUD", "Contact-CRUD\Contact-CRUD.csproj", "{15BBF571-1E70-49C0-8D2C-3E75F6A043BF}"
EndProject
Global
	GlobalSection(SolutionConfigurationPlatforms) = preSolution
		Debug|Any CPU = Debug|Any CPU
		Release|Any CPU = Release|Any CPU
	EndGlobalSection
	GlobalSection(ProjectConfigurationPlatforms) = postSolution
		{15BBF571-1E70-49C0-8D2C-3E75F6A043BF}.Debug|Any CPU.ActiveCfg = Debug|Any CPU
		{15BBF571-1E70-49C0-8D2C-3E75F6A043BF}.Debug|Any CPU.Build.0 = Debug|Any CPU
		{15BBF571-1E70-49C0-8D2C-3E75F6A043BF}.Release|Any CPU.ActiveCfg = Release|Any CPU
		{15BBF571-1E70-49C0-8D2C-3E75F6A043BF}.Release|Any CPU.Build.0 = Release|Any CPU
	EndGlobalSection
EndGlobal
